
Microsoft Visual Studio Solution File, Format Version 12.00
# Visual Studio Version 17
VisualStudioVersion = 17.9.34622.214
MinimumVisualStudioVersion = 10.0.40219.1
Project("{FAE04EC0-301F-11D3-BF4B-00C04F79EFBC}") = "Primos", "Primos\Primos.csproj", "{A2219AAF-4918-4EF7-A2CE-5FC3E4F9811E}"
EndProject
Global
	GlobalSection(SolutionConfigurationPlatforms) = preSolution
		Debug|Any CPU = Debug|Any CPU
		Release|Any CPU = Release|Any CPU
	EndGlobalSection
	GlobalSection(ProjectConfigurationPlatforms) = postSolution
		{A2219AAF-4918-4EF7-A2CE-5FC3E4F9811E}.Debug|Any CPU.ActiveCfg = Debug|Any CPU
		{A2219AAF-4918-4EF7-A2CE-5FC3E4F9811E}.Debug|Any CPU.Build.0 = Debug|Any CPU
		{A2219AAF-4918-4EF7-A2CE-5FC3E4F9811E}.Release|Any CPU.ActiveCfg = Release|Any CPU
		{A2219AAF-4918-4EF7-A2CE-5FC3E4F9811E}.Release|Any CPU.Build.0 = Release|Any CPU
	EndGlobalSection
	GlobalSection(SolutionProperties) = preSolution
		HideSolutionNode = FALSE
	EndGlobalSection
	GlobalSection(ExtensibilityGlobals) = postSolution
		SolutionGuid = {D3131D7F-9A96-4263-82B9-11E1DCF2904A}
	EndGlobalSection
EndGlobal
